# THIS IS AN AUTOGENERATED FILE. DO NOT EDIT THIS FILE DIRECTLY.
# yarn lockfile v1


"@next/env@14.3.0-canary.11":
  version "14.3.0-canary.11"
  resolved "https://registry.yarnpkg.com/@next/env/-/env-14.3.0-canary.11.tgz#7d800c47002801a8ff6e7b055badd09ccca2c2e8"
  integrity sha512-JQS0brm4GwR2oKTPL5Ik/DmrbaGUHkSG8HJ3QPQwMvkEb5ba8I5ksmObyzGpN6OsBtYMA8pCnItlWgjCYEeprg==

"@next/swc-darwin-arm64@14.3.0-canary.11":
  version "14.3.0-canary.11"
  resolved "https://registry.yarnpkg.com/@next/swc-darwin-arm64/-/swc-darwin-arm64-14.3.0-canary.11.tgz#79c2ccda941bdd2949467e3f26164ed25285e4a1"
  integrity sha512-C8InHRU+9p4WpaPNY9F2N5vmSwiPtPM4g3vcQ4QuDpcE1kLIhpPSzfNs1RJ76BPIoB1VebbvsgkTqt5n+m26eA==

"@next/swc-darwin-x64@14.3.0-canary.11":
  version "14.3.0-canary.11"
  resolved "https://registry.yarnpkg.com/@next/swc-darwin-x64/-/swc-darwin-x64-14.3.0-canary.11.tgz#4687160b5ca8afd7e0e928c503228f64d6917076"
  integrity sha512-LPMABfFYMVhQapXmTD3CxbGIsPqJU1w8ieghuIOyE/+ftGIy88ravl9UEEsJb+nQlZsy25aKU0Ok6fuoT2/fqg==

"@next/swc-linux-arm64-gnu@14.3.0-canary.11":
  version "14.3.0-canary.11"
  resolved "https://registry.yarnpkg.com/@next/swc-linux-arm64-gnu/-/swc-linux-arm64-gnu-14.3.0-canary.11.tgz#c4a39c7e0eba1ce67a450ced5783cb551c876bab"
  integrity sha512-fum3aVguLXg/qui/FoMImdXL6fQsDjee3Oi+OYEicfSpudoQrQJqB/ZMomS28KOw3zCvzOXcWl6V+lbUqRifTQ==

"@next/swc-linux-arm64-musl@14.3.0-canary.11":
  version "14.3.0-canary.11"
  resolved "https://registry.yarnpkg.com/@next/swc-linux-arm64-musl/-/swc-linux-arm64-musl-14.3.0-canary.11.tgz#e30fe12b5c2be8636eba936f885a9dc1686647b2"
  integrity sha512-VgR/KNXl0ygh+Jpyzt/BL4Bq61qHMSkuQh7QAyrdi2QYHJB3nSOT7lKmCEIUB93h1/zPEhzTBSi83nKWHd8uLw==

"@next/swc-linux-x64-gnu@14.3.0-canary.11":
  version "14.3.0-canary.11"
  resolved "https://registry.yarnpkg.com/@next/swc-linux-x64-gnu/-/swc-linux-x64-gnu-14.3.0-canary.11.tgz#5d644897d64cd25d371f060a349357c6d17d5f68"
  integrity sha512-rriEln19GegQixaZjErQvpTvw0Epq8f0gZn2tgg36WTu4jGhOzs7Y+SXUTuHwba7adT6j2IevirWCANkZAH6DA==

"@next/swc-linux-x64-musl@14.3.0-canary.11":
  version "14.3.0-canary.11"
  resolved "https://registry.yarnpkg.com/@next/swc-linux-x64-musl/-/swc-linux-x64-musl-14.3.0-canary.11.tgz#cb2b41a98bfa43c021bbf90eb01f8a51bf3766d2"
  integrity sha512-aL/J2P6ca1qlPrCzBsCZLyUDh2pVSNqifbKyCjF6e7gGHt18VuI3uByAqE2YT1LRYCCftGWxXh3+QP4oGonXEg==

"@next/swc-win32-arm64-msvc@14.3.0-canary.11":
  version "14.3.0-canary.11"
  resolved "https://registry.yarnpkg.com/@next/swc-win32-arm64-msvc/-/swc-win32-arm64-msvc-14.3.0-canary.11.tgz#bd1f4224e332ea13a92fd345969e6b67c9e193fb"
  integrity sha512-Os2TLA3WPqWG5GKoIEBIegJsXoheehVy1wUviHWmb71a7YhgK/gXuw1N0KoFwhRB0CNh9oxN58XYlRXvj2eVeA==

"@next/swc-win32-ia32-msvc@14.3.0-canary.11":
  version "14.3.0-canary.11"
  resolved "https://registry.yarnpkg.com/@next/swc-win32-ia32-msvc/-/swc-win32-ia32-msvc-14.3.0-canary.11.tgz#ea089d4803a07c19fb274d89400d4c32f15c769f"
  integrity sha512-/sT3Nw1vs7b4AAZs4Agn8Xu2cyRt8cSm5xhvvnR8qR3c5RKJMvouAMfwoYZ6s5Gxw4gu89qyFvcKqWbtbQy10Q==

"@next/swc-win32-x64-msvc@14.3.0-canary.11":
  version "14.3.0-canary.11"
  resolved "https://registry.yarnpkg.com/@next/swc-win32-x64-msvc/-/swc-win32-x64-msvc-14.3.0-canary.11.tgz#835d13c94a5f99d1391114fcb2f0a52d92d7dfda"
  integrity sha512-VJQyeZrNdn2ilh0zwhnggLbVvarb1/CYlcfdHB91TMzYfwAykepG+SO0Os8+hdWMeLH2J40lHhnA7SdPBHe04Q==

"@swc/counter@^0.1.3":
  version "0.1.3"
  resolved "https://registry.yarnpkg.com/@swc/counter/-/counter-0.1.3.tgz#cc7463bd02949611c6329596fccd2b0ec782b0e9"
  integrity sha512-e2BR4lsJkkRlKZ/qCHPw9ZaSxc0MVUd7gtbtaB7aMvHeJVYe8sOB8DBZkP2DtISHGSku9sCK6T6cnY0CtXrOCQ==

"@swc/helpers@0.5.5":
  version "0.5.5"
  resolved "https://registry.yarnpkg.com/@swc/helpers/-/helpers-0.5.5.tgz#12689df71bfc9b21c4f4ca00ae55f2f16c8b77c0"
  integrity sha512-KGYxvIOXcceOAbEk4bi/dVLEK9z8sZ0uBB3Il5b1rhfClSpcX0yfRO0KmTkqR2cnQDymwLB+25ZyMzICg/cm/A==
  dependencies:
    "@swc/counter" "^0.1.3"
    tslib "^2.4.0"

"@types/node@20.4.5":
  version "20.4.5"
  resolved "https://registry.yarnpkg.com/@types/node/-/node-20.4.5.tgz#9dc0a5cb1ccce4f7a731660935ab70b9c00a5d69"
  integrity sha512-rt40Nk13II9JwQBdeYqmbn2Q6IVTA5uPhvSO+JVqdXw/6/4glI6oR9ezty/A9Hg5u7JH4OmYmuQ+XvjKm0Datg==

"@types/prop-types@*":
  version "15.7.12"
  resolved "https://registry.yarnpkg.com/@types/prop-types/-/prop-types-15.7.12.tgz#12bb1e2be27293c1406acb6af1c3f3a1481d98c6"
  integrity sha512-5zvhXYtRNRluoE/jAp4GVsSduVUzNWKkOZrCDBWYtE7biZywwdC2AcEzg+cSMLFRfVgeAFqpfNabiPjxFddV1Q==

"@types/react@18.2.18":
  version "18.2.18"
  resolved "https://registry.yarnpkg.com/@types/react/-/react-18.2.18.tgz#c8b233919eef1bdc294f6f34b37f9727ad677516"
  integrity sha512-da4NTSeBv/P34xoZPhtcLkmZuJ+oYaCxHmyHzwaDQo9RQPBeXV+06gEk2FpqEcsX9XrnNLvRpVh6bdavDSjtiQ==
  dependencies:
    "@types/prop-types" "*"
    "@types/scheduler" "*"
    csstype "^3.0.2"

"@types/scheduler@*":
  version "0.23.0"
  resolved "https://registry.yarnpkg.com/@types/scheduler/-/scheduler-0.23.0.tgz#0a6655b3e2708eaabca00b7372fafd7a792a7b09"
  integrity sha512-YIoDCTH3Af6XM5VuwGG/QL/CJqga1Zm3NkU3HZ4ZHK2fRMPYP1VczsTUqtsf43PH/iJNVlPHAo2oWX7BSdB2Hw==

busboy@1.6.0:
  version "1.6.0"
  resolved "https://registry.yarnpkg.com/busboy/-/busboy-1.6.0.tgz#966ea36a9502e43cdb9146962523b92f531f6893"
  integrity sha512-8SFQbg/0hQ9xy3UNTB0YEnsNBbWfhf7RtnzpL7TkBiTBRfrQ9Fxcnz7VJsleJpyp6rVLvXiuORqjlHi5q+PYuA==
  dependencies:
    streamsearch "^1.1.0"

caniuse-lite@^1.0.30001579:
  version "1.0.30001611"
  resolved "https://registry.yarnpkg.com/caniuse-lite/-/caniuse-lite-1.0.30001611.tgz#4dbe78935b65851c2d2df1868af39f709a93a96e"
  integrity sha512-19NuN1/3PjA3QI8Eki55N8my4LzfkMCRLgCVfrl/slbSAchQfV0+GwjPrK3rq37As4UCLlM/DHajbKkAqbv92Q==

client-only@0.0.1:
  version "0.0.1"
  resolved "https://registry.yarnpkg.com/client-only/-/client-only-0.0.1.tgz#38bba5d403c41ab150bff64a95c85013cf73bca1"
  integrity sha512-IV3Ou0jSMzZrd3pZ48nLkT9DA7Ag1pnPzaiQhpW7c3RbcqqzvzzVu+L8gfqMp/8IM2MQtSiqaCxrrcfu8I8rMA==

csstype@^3.0.2:
  version "3.1.3"
  resolved "https://registry.yarnpkg.com/csstype/-/csstype-3.1.3.tgz#d80ff294d114fb0e6ac500fbf85b60137d7eff81"
  integrity sha512-M1uQkMl8rQK/szD0LNhtqxIPLpimGm8sOBwU7lLnCpSbTyY3yeU1Vc7l4KT5zT4s/yOxHH5O7tIuuLOCnLADRw==

graceful-fs@^4.2.11:
  version "4.2.11"
  resolved "https://registry.yarnpkg.com/graceful-fs/-/graceful-fs-4.2.11.tgz#4183e4e8bf08bb6e05bbb2f7d2e0c8f712ca40e3"
  integrity sha512-RbJ5/jmFcNNCcDV5o9eTnBLJ/HszWV0P73bc+Ff4nS/rJj+YaS6IGyiOL0VoBYX+l1Wrl3k63h/KrH+nhJ0XvQ==

"js-tokens@^3.0.0 || ^4.0.0":
  version "4.0.0"
  resolved "https://registry.yarnpkg.com/js-tokens/-/js-tokens-4.0.0.tgz#19203fb59991df98e3a287050d4647cdeaf32499"
  integrity sha512-RdJUflcE3cUzKiMqQgsCu06FPu9UdIJO0beYbPhHN4k6apgJtifcoCtT9bcxOpYBtpD2kCM6Sbzg4CausW/PKQ==

loose-envify@^1.1.0:
  version "1.4.0"
  resolved "https://registry.yarnpkg.com/loose-envify/-/loose-envify-1.4.0.tgz#71ee51fa7be4caec1a63839f7e682d8132d30caf"
  integrity sha512-lyuxPGr/Wfhrlem2CL/UcnUc1zcqKAImBDzukY7Y5F/yQiNdko6+fRLevlw1HgMySw7f611UIY408EtxRSoK3Q==
  dependencies:
    js-tokens "^3.0.0 || ^4.0.0"

nanoid@^3.3.6:
  version "3.3.7"
  resolved "https://registry.yarnpkg.com/nanoid/-/nanoid-3.3.7.tgz#d0c301a691bc8d54efa0a2226ccf3fe2fd656bd8"
  integrity sha512-eSRppjcPIatRIMC1U6UngP8XFcz8MQWGQdt1MTBQ7NaAmvXDfvNxbvWV3x2y6CdEUciCSsDHDQZbhYaB8QEo2g==

next@canary:
  version "14.3.0-canary.11"
  resolved "https://registry.yarnpkg.com/next/-/next-14.3.0-canary.11.tgz#36c51cb88d3a005f4de97b4c793e93c1a4aa0913"
  integrity sha512-ahcID7FvbaoFxF9H4kFW9Ysde7tlW+p7YMX6phlXgSPIHzHnDQVn5c2GxreH7wi3HxCMdoUEdKByRN+ESOsaNQ==
  dependencies:
    "@next/env" "14.3.0-canary.11"
    "@swc/helpers" "0.5.5"
    busboy "1.6.0"
    caniuse-lite "^1.0.30001579"
    graceful-fs "^4.2.11"
    postcss "8.4.31"
    styled-jsx "5.1.1"
  optionalDependencies:
    "@next/swc-darwin-arm64" "14.3.0-canary.11"
    "@next/swc-darwin-x64" "14.3.0-canary.11"
    "@next/swc-linux-arm64-gnu" "14.3.0-canary.11"
    "@next/swc-linux-arm64-musl" "14.3.0-canary.11"
    "@next/swc-linux-x64-gnu" "14.3.0-canary.11"
    "@next/swc-linux-x64-musl" "14.3.0-canary.11"
    "@next/swc-win32-arm64-msvc" "14.3.0-canary.11"
    "@next/swc-win32-ia32-msvc" "14.3.0-canary.11"
    "@next/swc-win32-x64-msvc" "14.3.0-canary.11"

picocolors@^1.0.0:
  version "1.0.0"
  resolved "https://registry.yarnpkg.com/picocolors/-/picocolors-1.0.0.tgz#cb5bdc74ff3f51892236eaf79d68bc44564ab81c"
  integrity sha512-1fygroTLlHu66zi26VoTDv8yRgm0Fccecssto+MhsZ0D/DGW2sm8E8AjW7NU5VVTRt5GxbeZ5qBuJr+HyLYkjQ==

postcss@8.4.31:
  version "8.4.31"
  resolved "https://registry.yarnpkg.com/postcss/-/postcss-8.4.31.tgz#92b451050a9f914da6755af352bdc0192508656d"
  integrity sha512-PS08Iboia9mts/2ygV3eLpY5ghnUcfLV/EXTOW1E2qYxJKGGBUtNjN76FYHnMs36RmARn41bC0AZmn+rR0OVpQ==
  dependencies:
    nanoid "^3.3.6"
    picocolors "^1.0.0"
    source-map-js "^1.0.2"

react-dom@^18.2.0:
  version "18.2.0"
  resolved "https://registry.yarnpkg.com/react-dom/-/react-dom-18.2.0.tgz#22aaf38708db2674ed9ada224ca4aa708d821e3d"
  integrity sha512-6IMTriUmvsjHUjNtEDudZfuDQUoWXVxKHhlEGSk81n4YFS+r/Kl99wXiwlVXtPBtJenozv2P+hxDsw9eA7Xo6g==
  dependencies:
    loose-envify "^1.1.0"
    scheduler "^0.23.0"

react@^18.2.0:
  version "18.2.0"
  resolved "https://registry.yarnpkg.com/react/-/react-18.2.0.tgz#555bd98592883255fa00de14f1151a917b5d77d5"
  integrity sha512-/3IjMdb2L9QbBdWiW5e3P2/npwMBaU9mHCSCUzNln0ZCYbcfTsGbTJrU/kGemdH2IWmB2ioZ+zkxtmq6g09fGQ==
  dependencies:
    loose-envify "^1.1.0"

scheduler@^0.23.0:
  version "0.23.0"
  resolved "https://registry.yarnpkg.com/scheduler/-/scheduler-0.23.0.tgz#ba8041afc3d30eb206a487b6b384002e4e61fdfe"
  integrity sha512-CtuThmgHNg7zIZWAXi3AsyIzA3n4xx7aNyjwC2VJldO2LMVDhFK+63xGqq6CsJH4rTAt6/M+N4GhZiDYPx9eUw==
  dependencies:
    loose-envify "^1.1.0"

source-map-js@^1.0.2:
  version "1.2.0"
  resolved "https://registry.yarnpkg.com/source-map-js/-/source-map-js-1.2.0.tgz#16b809c162517b5b8c3e7dcd315a2a5c2612b2af"
  integrity sha512-itJW8lvSA0TXEphiRoawsCksnlf8SyvmFzIhltqAHluXd88pkCd+cXJVHTDwdCr0IzwptSm035IHQktUu1QUMg==

streamsearch@^1.1.0:
  version "1.1.0"
  resolved "https://registry.yarnpkg.com/streamsearch/-/streamsearch-1.1.0.tgz#404dd1e2247ca94af554e841a8ef0eaa238da764"
  integrity sha512-Mcc5wHehp9aXz1ax6bZUyY5afg9u2rv5cqQI3mRrYkGC8rW2hM02jWuwjtL++LS5qinSyhj2QfLyNsuc+VsExg==

styled-jsx@5.1.1:
  version "5.1.1"
  resolved "https://registry.yarnpkg.com/styled-jsx/-/styled-jsx-5.1.1.tgz#839a1c3aaacc4e735fed0781b8619ea5d0009d1f"
  integrity sha512-pW7uC1l4mBZ8ugbiZrcIsiIvVx1UmTfw7UkC3Um2tmfUq9Bhk8IiyEIPl6F8agHgjzku6j0xQEZbfA5uSgSaCw==
  dependencies:
    client-only "0.0.1"

tslib@^2.4.0:
  version "2.6.2"
  resolved "https://registry.yarnpkg.com/tslib/-/tslib-2.6.2.tgz#703ac29425e7b37cd6fd456e92404d46d1f3e4ae"
  integrity sha512-AEYxH93jGFPn/a2iVAwW87VuUIkR1FVUKB77NwMF7nBTDkDrrT/Hpt/IrCJ0QXhW27jTBDcf5ZY7w6RiqTMw2Q==

typescript@5.1.3:
  version "5.1.3"
  resolved "https://registry.yarnpkg.com/typescript/-/typescript-5.1.3.tgz#8d84219244a6b40b6fb2b33cc1c062f715b9e826"
  integrity sha512-XH627E9vkeqhlZFQuL+UsyAXEnibT0kWR2FWONlr4sTjvxyJYnyefgrkyECLzM5NenmKzRAy2rR/OlYLA1HkZw==
